// !$*UTF8*$!
{
	archiveVersion = 1;
	classes = {
	};
	objectVersion = 56;
	objects = {

/* Begin PBXBuildFile section */
		105C88F52B63F24200EB4F79 /* ArrivalScreen.swift in Sources */ = {isa = PBXBuildFile; fileRef = 105C88F42B63F24200EB4F79 /* ArrivalScreen.swift */; };
		105C88F72B63F25200EB4F79 /* DepartureScreen.swift in Sources */ = {isa = PBXBuildFile; fileRef = 105C88F62B63F25200EB4F79 /* DepartureScreen.swift */; };
		105C88FA2B63FF5B00EB4F79 /* NetworkService.swift in Sources */ = {isa = PBXBuildFile; fileRef = 105C88F92B63FF5B00EB4F79 /* NetworkService.swift */; };
		105C88FD2B6411B500EB4F79 /* AirportFlightSchedule.swift in Sources */ = {isa = PBXBuildFile; fileRef = 105C88FC2B6411B500EB4F79 /* AirportFlightSchedule.swift */; };
		105C89012B6418BF00EB4F79 /* URLManager.swift in Sources */ = {isa = PBXBuildFile; fileRef = 105C89002B6418BF00EB4F79 /* URLManager.swift */; };
		105C89032B641B3700EB4F79 /* DateManager.swift in Sources */ = {isa = PBXBuildFile; fileRef = 105C89022B641B3700EB4F79 /* DateManager.swift */; };
		105C89062B64244F00EB4F79 /* token.txt in Resources */ = {isa = PBXBuildFile; fileRef = 105C89052B64244F00EB4F79 /* token.txt */; };
		105C89082B64249300EB4F79 /* DataReader.swift in Sources */ = {isa = PBXBuildFile; fileRef = 105C89072B64249300EB4F79 /* DataReader.swift */; };
		105C890B2B654C2500EB4F79 /* ArrivalCell.swift in Sources */ = {isa = PBXBuildFile; fileRef = 105C890A2B654C2500EB4F79 /* ArrivalCell.swift */; };
		105C89122B66AF5200EB4F79 /* TableViewSetting.swift in Sources */ = {isa = PBXBuildFile; fileRef = 105C89112B66AF5200EB4F79 /* TableViewSetting.swift */; };
		105C89142B66B04D00EB4F79 /* GettingArrivalSchedule.swift in Sources */ = {isa = PBXBuildFile; fileRef = 105C89132B66B04D00EB4F79 /* GettingArrivalSchedule.swift */; };
		105C891A2B66B31A00EB4F79 /* GettingDepartureSchedule.swift in Sources */ = {isa = PBXBuildFile; fileRef = 105C89192B66B31A00EB4F79 /* GettingDepartureSchedule.swift */; };
		105C891C2B66E52300EB4F79 /* CellConfigurator.swift in Sources */ = {isa = PBXBuildFile; fileRef = 105C891B2B66E52300EB4F79 /* CellConfigurator.swift */; };
		105C891F2B66E8FF00EB4F79 /* ArrivalCellExtension.swift in Sources */ = {isa = PBXBuildFile; fileRef = 105C891E2B66E8FF00EB4F79 /* ArrivalCellExtension.swift */; };
		105C89212B66E90C00EB4F79 /* DepartureCellExtension.swift in Sources */ = {isa = PBXBuildFile; fileRef = 105C89202B66E90C00EB4F79 /* DepartureCellExtension.swift */; };
		105C89232B66E97C00EB4F79 /* DepartureCell.swift in Sources */ = {isa = PBXBuildFile; fileRef = 105C89222B66E97C00EB4F79 /* DepartureCell.swift */; };
		105C89252B66F8FB00EB4F79 /* CellRegister.swift in Sources */ = {isa = PBXBuildFile; fileRef = 105C89242B66F8FB00EB4F79 /* CellRegister.swift */; };
		105C89282B66F95200EB4F79 /* ArrivalScreenExtension.swift in Sources */ = {isa = PBXBuildFile; fileRef = 105C89272B66F95200EB4F79 /* ArrivalScreenExtension.swift */; };
		105C892A2B66F98600EB4F79 /* DepartureScreenExtension.swift in Sources */ = {isa = PBXBuildFile; fileRef = 105C89292B66F98600EB4F79 /* DepartureScreenExtension.swift */; };
		105C892C2B67040200EB4F79 /* CreatorUIElements.swift in Sources */ = {isa = PBXBuildFile; fileRef = 105C892B2B67040200EB4F79 /* CreatorUIElements.swift */; };
		10B49D272B614266006D5878 /* AppDelegate.swift in Sources */ = {isa = PBXBuildFile; fileRef = 10B49D262B614266006D5878 /* AppDelegate.swift */; };
		10B49D292B614266006D5878 /* SceneDelegate.swift in Sources */ = {isa = PBXBuildFile; fileRef = 10B49D282B614266006D5878 /* SceneDelegate.swift */; };
		10B49D2B2B614266006D5878 /* MainScreen.swift in Sources */ = {isa = PBXBuildFile; fileRef = 10B49D2A2B614266006D5878 /* MainScreen.swift */; };
		10B49D312B614266006D5878 /* FinalWorkSwift.xcdatamodeld in Sources */ = {isa = PBXBuildFile; fileRef = 10B49D2F2B614266006D5878 /* FinalWorkSwift.xcdatamodeld */; };
		10B49D332B614267006D5878 /* Assets.xcassets in Resources */ = {isa = PBXBuildFile; fileRef = 10B49D322B614267006D5878 /* Assets.xcassets */; };
/* End PBXBuildFile section */

/* Begin PBXFileReference section */
		105C88F42B63F24200EB4F79 /* ArrivalScreen.swift */ = {isa = PBXFileReference; lastKnownFileType = sourcecode.swift; path = ArrivalScreen.swift; sourceTree = "<group>"; };
		105C88F62B63F25200EB4F79 /* DepartureScreen.swift */ = {isa = PBXFileReference; lastKnownFileType = sourcecode.swift; path = DepartureScreen.swift; sourceTree = "<group>"; };
		105C88F92B63FF5B00EB4F79 /* NetworkService.swift */ = {isa = PBXFileReference; lastKnownFileType = sourcecode.swift; path = NetworkService.swift; sourceTree = "<group>"; };
		105C88FC2B6411B500EB4F79 /* AirportFlightSchedule.swift */ = {isa = PBXFileReference; lastKnownFileType = sourcecode.swift; path = AirportFlightSchedule.swift; sourceTree = "<group>"; };
		105C89002B6418BF00EB4F79 /* URLManager.swift */ = {isa = PBXFileReference; lastKnownFileType = sourcecode.swift; path = URLManager.swift; sourceTree = "<group>"; };
		105C89022B641B3700EB4F79 /* DateManager.swift */ = {isa = PBXFileReference; lastKnownFileType = sourcecode.swift; path = DateManager.swift; sourceTree = "<group>"; };
		105C89052B64244F00EB4F79 /* token.txt */ = {isa = PBXFileReference; lastKnownFileType = text; path = token.txt; sourceTree = "<group>"; };
		105C89072B64249300EB4F79 /* DataReader.swift */ = {isa = PBXFileReference; lastKnownFileType = sourcecode.swift; path = DataReader.swift; sourceTree = "<group>"; };
		105C890A2B654C2500EB4F79 /* ArrivalCell.swift */ = {isa = PBXFileReference; lastKnownFileType = sourcecode.swift; path = ArrivalCell.swift; sourceTree = "<group>"; };
		105C89112B66AF5200EB4F79 /* TableViewSetting.swift */ = {isa = PBXFileReference; lastKnownFileType = sourcecode.swift; path = TableViewSetting.swift; sourceTree = "<group>"; };
		105C89132B66B04D00EB4F79 /* GettingArrivalSchedule.swift */ = {isa = PBXFileReference; lastKnownFileType = sourcecode.swift; path = GettingArrivalSchedule.swift; sourceTree = "<group>"; };
		105C89192B66B31A00EB4F79 /* GettingDepartureSchedule.swift */ = {isa = PBXFileReference; lastKnownFileType = sourcecode.swift; path = GettingDepartureSchedule.swift; sourceTree = "<group>"; };
		105C891B2B66E52300EB4F79 /* CellConfigurator.swift */ = {isa = PBXFileReference; lastKnownFileType = sourcecode.swift; path = CellConfigurator.swift; sourceTree = "<group>"; };
		105C891E2B66E8FF00EB4F79 /* ArrivalCellExtension.swift */ = {isa = PBXFileReference; lastKnownFileType = sourcecode.swift; path = ArrivalCellExtension.swift; sourceTree = "<group>"; };
		105C89202B66E90C00EB4F79 /* DepartureCellExtension.swift */ = {isa = PBXFileReference; lastKnownFileType = sourcecode.swift; path = DepartureCellExtension.swift; sourceTree = "<group>"; };
		105C89222B66E97C00EB4F79 /* DepartureCell.swift */ = {isa = PBXFileReference; lastKnownFileType = sourcecode.swift; path = DepartureCell.swift; sourceTree = "<group>"; };
		105C89242B66F8FB00EB4F79 /* CellRegister.swift */ = {isa = PBXFileReference; lastKnownFileType = sourcecode.swift; path = CellRegister.swift; sourceTree = "<group>"; };
		105C89272B66F95200EB4F79 /* ArrivalScreenExtension.swift */ = {isa = PBXFileReference; lastKnownFileType = sourcecode.swift; path = ArrivalScreenExtension.swift; sourceTree = "<group>"; };
		105C89292B66F98600EB4F79 /* DepartureScreenExtension.swift */ = {isa = PBXFileReference; lastKnownFileType = sourcecode.swift; path = DepartureScreenExtension.swift; sourceTree = "<group>"; };
		105C892B2B67040200EB4F79 /* CreatorUIElements.swift */ = {isa = PBXFileReference; lastKnownFileType = sourcecode.swift; path = CreatorUIElements.swift; sourceTree = "<group>"; };
		10B49D232B614266006D5878 /* FinalWorkSwift.app */ = {isa = PBXFileReference; explicitFileType = wrapper.application; includeInIndex = 0; path = FinalWorkSwift.app; sourceTree = BUILT_PRODUCTS_DIR; };
		10B49D262B614266006D5878 /* AppDelegate.swift */ = {isa = PBXFileReference; lastKnownFileType = sourcecode.swift; path = AppDelegate.swift; sourceTree = "<group>"; };
		10B49D282B614266006D5878 /* SceneDelegate.swift */ = {isa = PBXFileReference; lastKnownFileType = sourcecode.swift; path = SceneDelegate.swift; sourceTree = "<group>"; };
		10B49D2A2B614266006D5878 /* MainScreen.swift */ = {isa = PBXFileReference; lastKnownFileType = sourcecode.swift; path = MainScreen.swift; sourceTree = "<group>"; };
		10B49D302B614266006D5878 /* FinalWorkSwift.xcdatamodel */ = {isa = PBXFileReference; lastKnownFileType = wrapper.xcdatamodel; path = FinalWorkSwift.xcdatamodel; sourceTree = "<group>"; };
		10B49D322B614267006D5878 /* Assets.xcassets */ = {isa = PBXFileReference; lastKnownFileType = folder.assetcatalog; path = Assets.xcassets; sourceTree = "<group>"; };
		10B49D372B614267006D5878 /* Info.plist */ = {isa = PBXFileReference; lastKnownFileType = text.plist.xml; path = Info.plist; sourceTree = "<group>"; };
/* End PBXFileReference section */

/* Begin PBXFrameworksBuildPhase section */
		10B49D202B614266006D5878 /* Frameworks */ = {
			isa = PBXFrameworksBuildPhase;
			buildActionMask = 2147483647;
			files = (
			);
			runOnlyForDeploymentPostprocessing = 0;
		};
/* End PBXFrameworksBuildPhase section */

/* Begin PBXGroup section */
		105C88F82B63FF2400EB4F79 /* Services */ = {
			isa = PBXGroup;
			children = (
				105C88F92B63FF5B00EB4F79 /* NetworkService.swift */,
				105C89002B6418BF00EB4F79 /* URLManager.swift */,
				105C89022B641B3700EB4F79 /* DateManager.swift */,
				105C89072B64249300EB4F79 /* DataReader.swift */,
			);
			path = Services;
			sourceTree = "<group>";
		};
		105C88FB2B64118E00EB4F79 /* DataModels */ = {
			isa = PBXGroup;
			children = (
				105C88FC2B6411B500EB4F79 /* AirportFlightSchedule.swift */,
			);
			path = DataModels;
			sourceTree = "<group>";
		};
		105C89042B64240700EB4F79 /* UI */ = {
			isa = PBXGroup;
			children = (
				105C891D2B66E8D700EB4F79 /* ExtensionUIElements */,
				105C89102B66AF1500EB4F79 /* SettingUIElements */,
				105C89092B654C0800EB4F79 /* CustomUIElements */,
			);
			path = UI;
			sourceTree = "<group>";
		};
		105C89092B654C0800EB4F79 /* CustomUIElements */ = {
			isa = PBXGroup;
			children = (
				105C890A2B654C2500EB4F79 /* ArrivalCell.swift */,
				105C89222B66E97C00EB4F79 /* DepartureCell.swift */,
			);
			path = CustomUIElements;
			sourceTree = "<group>";
		};
		105C89102B66AF1500EB4F79 /* SettingUIElements */ = {
			isa = PBXGroup;
			children = (
				105C89112B66AF5200EB4F79 /* TableViewSetting.swift */,
				105C892B2B67040200EB4F79 /* CreatorUIElements.swift */,
			);
			path = SettingUIElements;
			sourceTree = "<group>";
		};
		105C89152B66B0D900EB4F79 /* Screens */ = {
			isa = PBXGroup;
			children = (
				10B49D2A2B614266006D5878 /* MainScreen.swift */,
				105C88F42B63F24200EB4F79 /* ArrivalScreen.swift */,
				105C88F62B63F25200EB4F79 /* DepartureScreen.swift */,
			);
			path = Screens;
			sourceTree = "<group>";
		};
		105C89162B66B12700EB4F79 /* Source */ = {
			isa = PBXGroup;
			children = (
				105C89262B66F92700EB4F79 /* ScreenExtension */,
				105C88FB2B64118E00EB4F79 /* DataModels */,
				105C89182B66B1F700EB4F79 /* Protocols */,
				105C89172B66B1E400EB4F79 /* Delegates */,
				105C88F82B63FF2400EB4F79 /* Services */,
			);
			path = Source;
			sourceTree = "<group>";
		};
		105C89172B66B1E400EB4F79 /* Delegates */ = {
			isa = PBXGroup;
			children = (
				10B49D262B614266006D5878 /* AppDelegate.swift */,
				10B49D282B614266006D5878 /* SceneDelegate.swift */,
			);
			path = Delegates;
			sourceTree = "<group>";
		};
		105C89182B66B1F700EB4F79 /* Protocols */ = {
			isa = PBXGroup;
			children = (
				105C89132B66B04D00EB4F79 /* GettingArrivalSchedule.swift */,
				105C89192B66B31A00EB4F79 /* GettingDepartureSchedule.swift */,
				105C891B2B66E52300EB4F79 /* CellConfigurator.swift */,
				105C89242B66F8FB00EB4F79 /* CellRegister.swift */,
			);
			path = Protocols;
			sourceTree = "<group>";
		};
		105C891D2B66E8D700EB4F79 /* ExtensionUIElements */ = {
			isa = PBXGroup;
			children = (
				105C891E2B66E8FF00EB4F79 /* ArrivalCellExtension.swift */,
				105C89202B66E90C00EB4F79 /* DepartureCellExtension.swift */,
			);
			path = ExtensionUIElements;
			sourceTree = "<group>";
		};
		105C89262B66F92700EB4F79 /* ScreenExtension */ = {
			isa = PBXGroup;
			children = (
				105C89272B66F95200EB4F79 /* ArrivalScreenExtension.swift */,
				105C89292B66F98600EB4F79 /* DepartureScreenExtension.swift */,
			);
			path = ScreenExtension;
			sourceTree = "<group>";
		};
		10B49D1A2B614266006D5878 = {
			isa = PBXGroup;
			children = (
				10B49D252B614266006D5878 /* FinalWorkSwift */,
				10B49D242B614266006D5878 /* Products */,
			);
			sourceTree = "<group>";
		};
		10B49D242B614266006D5878 /* Products */ = {
			isa = PBXGroup;
			children = (
				10B49D232B614266006D5878 /* FinalWorkSwift.app */,
			);
			name = Products;
			sourceTree = "<group>";
		};
		10B49D252B614266006D5878 /* FinalWorkSwift */ = {
			isa = PBXGroup;
			children = (
				105C89042B64240700EB4F79 /* UI */,
				105C89162B66B12700EB4F79 /* Source */,
				105C89152B66B0D900EB4F79 /* Screens */,
				10B49D322B614267006D5878 /* Assets.xcassets */,
				10B49D372B614267006D5878 /* Info.plist */,
				10B49D2F2B614266006D5878 /* FinalWorkSwift.xcdatamodeld */,
				105C89052B64244F00EB4F79 /* token.txt */,
			);
			path = FinalWorkSwift;
			sourceTree = "<group>";
		};
/* End PBXGroup section */

/* Begin PBXNativeTarget section */
		10B49D222B614266006D5878 /* FinalWorkSwift */ = {
			isa = PBXNativeTarget;
			buildConfigurationList = 10B49D3A2B614267006D5878 /* Build configuration list for PBXNativeTarget "FinalWorkSwift" */;
			buildPhases = (
				10B49D1F2B614266006D5878 /* Sources */,
				10B49D202B614266006D5878 /* Frameworks */,
				10B49D212B614266006D5878 /* Resources */,
			);
			buildRules = (
			);
			dependencies = (
			);
			name = FinalWorkSwift;
			productName = FinalWorkSwift;
			productReference = 10B49D232B614266006D5878 /* FinalWorkSwift.app */;
			productType = "com.apple.product-type.application";
		};
/* End PBXNativeTarget section */

/* Begin PBXProject section */
		10B49D1B2B614266006D5878 /* Project object */ = {
			isa = PBXProject;
			attributes = {
				BuildIndependentTargetsInParallel = 1;
				LastSwiftUpdateCheck = 1500;
				LastUpgradeCheck = 1500;
				TargetAttributes = {
					10B49D222B614266006D5878 = {
						CreatedOnToolsVersion = 15.0.1;
					};
				};
			};
			buildConfigurationList = 10B49D1E2B614266006D5878 /* Build configuration list for PBXProject "FinalWorkSwift" */;
			compatibilityVersion = "Xcode 14.0";
			developmentRegion = en;
			hasScannedForEncodings = 0;
			knownRegions = (
				en,
				Base,
			);
			mainGroup = 10B49D1A2B614266006D5878;
			productRefGroup = 10B49D242B614266006D5878 /* Products */;
			projectDirPath = "";
			projectRoot = "";
			targets = (
				10B49D222B614266006D5878 /* FinalWorkSwift */,
			);
		};
/* End PBXProject section */

/* Begin PBXResourcesBuildPhase section */
		10B49D212B614266006D5878 /* Resources */ = {
			isa = PBXResourcesBuildPhase;
			buildActionMask = 2147483647;
			files = (
				105C89062B64244F00EB4F79 /* token.txt in Resources */,
				10B49D332B614267006D5878 /* Assets.xcassets in Resources */,
			);
			runOnlyForDeploymentPostprocessing = 0;
		};
/* End PBXResourcesBuildPhase section */

/* Begin PBXSourcesBuildPhase section */
		10B49D1F2B614266006D5878 /* Sources */ = {
			isa = PBXSourcesBuildPhase;
			buildActionMask = 2147483647;
			files = (
				105C88F52B63F24200EB4F79 /* ArrivalScreen.swift in Sources */,
				105C89032B641B3700EB4F79 /* DateManager.swift in Sources */,
				105C89282B66F95200EB4F79 /* ArrivalScreenExtension.swift in Sources */,
				10B49D2B2B614266006D5878 /* MainScreen.swift in Sources */,
				105C89122B66AF5200EB4F79 /* TableViewSetting.swift in Sources */,
				105C89232B66E97C00EB4F79 /* DepartureCell.swift in Sources */,
				105C892A2B66F98600EB4F79 /* DepartureScreenExtension.swift in Sources */,
				105C89012B6418BF00EB4F79 /* URLManager.swift in Sources */,
				105C89252B66F8FB00EB4F79 /* CellRegister.swift in Sources */,
				10B49D312B614266006D5878 /* FinalWorkSwift.xcdatamodeld in Sources */,
				105C88F72B63F25200EB4F79 /* DepartureScreen.swift in Sources */,
				105C88FD2B6411B500EB4F79 /* AirportFlightSchedule.swift in Sources */,
				105C89212B66E90C00EB4F79 /* DepartureCellExtension.swift in Sources */,
				105C891F2B66E8FF00EB4F79 /* ArrivalCellExtension.swift in Sources */,
				105C891A2B66B31A00EB4F79 /* GettingDepartureSchedule.swift in Sources */,
				10B49D272B614266006D5878 /* AppDelegate.swift in Sources */,
				105C89142B66B04D00EB4F79 /* GettingArrivalSchedule.swift in Sources */,
				105C89082B64249300EB4F79 /* DataReader.swift in Sources */,
				10B49D292B614266006D5878 /* SceneDelegate.swift in Sources */,
				105C891C2B66E52300EB4F79 /* CellConfigurator.swift in Sources */,
				105C890B2B654C2500EB4F79 /* ArrivalCell.swift in Sources */,
				105C892C2B67040200EB4F79 /* CreatorUIElements.swift in Sources */,
				105C88FA2B63FF5B00EB4F79 /* NetworkService.swift in Sources */,
			);
			runOnlyForDeploymentPostprocessing = 0;
		};
/* End PBXSourcesBuildPhase section */

/* Begin XCBuildConfiguration section */
		10B49D382B614267006D5878 /* Debug */ = {
			isa = XCBuildConfiguration;
			buildSettings = {
				ALWAYS_SEARCH_USER_PATHS = NO;
				ASSETCATALOG_COMPILER_GENERATE_SWIFT_ASSET_SYMBOL_EXTENSIONS = YES;
				CLANG_ANALYZER_NONNULL = YES;
				CLANG_ANALYZER_NUMBER_OBJECT_CONVERSION = YES_AGGRESSIVE;
				CLANG_CXX_LANGUAGE_STANDARD = "gnu++20";
				CLANG_ENABLE_MODULES = YES;
				CLANG_ENABLE_OBJC_ARC = YES;
				CLANG_ENABLE_OBJC_WEAK = YES;
				CLANG_WARN_BLOCK_CAPTURE_AUTORELEASING = YES;
				CLANG_WARN_BOOL_CONVERSION = YES;
				CLANG_WARN_COMMA = YES;
				CLANG_WARN_CONSTANT_CONVERSION = YES;
				CLANG_WARN_DEPRECATED_OBJC_IMPLEMENTATIONS = YES;
				CLANG_WARN_DIRECT_OBJC_ISA_USAGE = YES_ERROR;
				CLANG_WARN_DOCUMENTATION_COMMENTS = YES;
				CLANG_WARN_EMPTY_BODY = YES;
				CLANG_WARN_ENUM_CONVERSION = YES;
				CLANG_WARN_INFINITE_RECURSION = YES;
				CLANG_WARN_INT_CONVERSION = YES;
				CLANG_WARN_NON_LITERAL_NULL_CONVERSION = YES;
				CLANG_WARN_OBJC_IMPLICIT_RETAIN_SELF = YES;
				CLANG_WARN_OBJC_LITERAL_CONVERSION = YES;
				CLANG_WARN_OBJC_ROOT_CLASS = YES_ERROR;
				CLANG_WARN_QUOTED_INCLUDE_IN_FRAMEWORK_HEADER = YES;
				CLANG_WARN_RANGE_LOOP_ANALYSIS = YES;
				CLANG_WARN_STRICT_PROTOTYPES = YES;
				CLANG_WARN_SUSPICIOUS_MOVE = YES;
				CLANG_WARN_UNGUARDED_AVAILABILITY = YES_AGGRESSIVE;
				CLANG_WARN_UNREACHABLE_CODE = YES;
				CLANG_WARN__DUPLICATE_METHOD_MATCH = YES;
				COPY_PHASE_STRIP = NO;
				DEBUG_INFORMATION_FORMAT = dwarf;
				ENABLE_STRICT_OBJC_MSGSEND = YES;
				ENABLE_TESTABILITY = YES;
				ENABLE_USER_SCRIPT_SANDBOXING = YES;
				GCC_C_LANGUAGE_STANDARD = gnu17;
				GCC_DYNAMIC_NO_PIC = NO;
				GCC_NO_COMMON_BLOCKS = YES;
				GCC_OPTIMIZATION_LEVEL = 0;
				GCC_PREPROCESSOR_DEFINITIONS = (
					"DEBUG=1",
					"$(inherited)",
				);
				GCC_WARN_64_TO_32_BIT_CONVERSION = YES;
				GCC_WARN_ABOUT_RETURN_TYPE = YES_ERROR;
				GCC_WARN_UNDECLARED_SELECTOR = YES;
				GCC_WARN_UNINITIALIZED_AUTOS = YES_AGGRESSIVE;
				GCC_WARN_UNUSED_FUNCTION = YES;
				GCC_WARN_UNUSED_VARIABLE = YES;
				IPHONEOS_DEPLOYMENT_TARGET = 17.0;
				LOCALIZATION_PREFERS_STRING_CATALOGS = YES;
				MTL_ENABLE_DEBUG_INFO = INCLUDE_SOURCE;
				MTL_FAST_MATH = YES;
				ONLY_ACTIVE_ARCH = YES;
				SDKROOT = iphoneos;
				SWIFT_ACTIVE_COMPILATION_CONDITIONS = "DEBUG $(inherited)";
				SWIFT_OPTIMIZATION_LEVEL = "-Onone";
			};
			name = Debug;
		};
		10B49D392B614267006D5878 /* Release */ = {
			isa = XCBuildConfiguration;
			buildSettings = {
				ALWAYS_SEARCH_USER_PATHS = NO;
				ASSETCATALOG_COMPILER_GENERATE_SWIFT_ASSET_SYMBOL_EXTENSIONS = YES;
				CLANG_ANALYZER_NONNULL = YES;
				CLANG_ANALYZER_NUMBER_OBJECT_CONVERSION = YES_AGGRESSIVE;
				CLANG_CXX_LANGUAGE_STANDARD = "gnu++20";
				CLANG_ENABLE_MODULES = YES;
				CLANG_ENABLE_OBJC_ARC = YES;
				CLANG_ENABLE_OBJC_WEAK = YES;
				CLANG_WARN_BLOCK_CAPTURE_AUTORELEASING = YES;
				CLANG_WARN_BOOL_CONVERSION = YES;
				CLANG_WARN_COMMA = YES;
				CLANG_WARN_CONSTANT_CONVERSION = YES;
				CLANG_WARN_DEPRECATED_OBJC_IMPLEMENTATIONS = YES;
				CLANG_WARN_DIRECT_OBJC_ISA_USAGE = YES_ERROR;
				CLANG_WARN_DOCUMENTATION_COMMENTS = YES;
				CLANG_WARN_EMPTY_BODY = YES;
				CLANG_WARN_ENUM_CONVERSION = YES;
				CLANG_WARN_INFINITE_RECURSION = YES;
				CLANG_WARN_INT_CONVERSION = YES;
				CLANG_WARN_NON_LITERAL_NULL_CONVERSION = YES;
				CLANG_WARN_OBJC_IMPLICIT_RETAIN_SELF = YES;
				CLANG_WARN_OBJC_LITERAL_CONVERSION = YES;
				CLANG_WARN_OBJC_ROOT_CLASS = YES_ERROR;
				CLANG_WARN_QUOTED_INCLUDE_IN_FRAMEWORK_HEADER = YES;
				CLANG_WARN_RANGE_LOOP_ANALYSIS = YES;
				CLANG_WARN_STRICT_PROTOTYPES = YES;
				CLANG_WARN_SUSPICIOUS_MOVE = YES;
				CLANG_WARN_UNGUARDED_AVAILABILITY = YES_AGGRESSIVE;
				CLANG_WARN_UNREACHABLE_CODE = YES;
				CLANG_WARN__DUPLICATE_METHOD_MATCH = YES;
				COPY_PHASE_STRIP = NO;
				DEBUG_INFORMATION_FORMAT = "dwarf-with-dsym";
				ENABLE_NS_ASSERTIONS = NO;
				ENABLE_STRICT_OBJC_MSGSEND = YES;
				ENABLE_USER_SCRIPT_SANDBOXING = YES;
				GCC_C_LANGUAGE_STANDARD = gnu17;
				GCC_NO_COMMON_BLOCKS = YES;
				GCC_WARN_64_TO_32_BIT_CONVERSION = YES;
				GCC_WARN_ABOUT_RETURN_TYPE = YES_ERROR;
				GCC_WARN_UNDECLARED_SELECTOR = YES;
				GCC_WARN_UNINITIALIZED_AUTOS = YES_AGGRESSIVE;
				GCC_WARN_UNUSED_FUNCTION = YES;
				GCC_WARN_UNUSED_VARIABLE = YES;
				IPHONEOS_DEPLOYMENT_TARGET = 17.0;
				LOCALIZATION_PREFERS_STRING_CATALOGS = YES;
				MTL_ENABLE_DEBUG_INFO = NO;
				MTL_FAST_MATH = YES;
				SDKROOT = iphoneos;
				SWIFT_COMPILATION_MODE = wholemodule;
				VALIDATE_PRODUCT = YES;
			};
			name = Release;
		};
		10B49D3B2B614267006D5878 /* Debug */ = {
			isa = XCBuildConfiguration;
			buildSettings = {
				ASSETCATALOG_COMPILER_APPICON_NAME = AppIcon;
				ASSETCATALOG_COMPILER_GLOBAL_ACCENT_COLOR_NAME = AccentColor;
				CODE_SIGN_STYLE = Automatic;
				CURRENT_PROJECT_VERSION = 1;
				DEVELOPMENT_TEAM = A2U63MLX35;
				GENERATE_INFOPLIST_FILE = YES;
				INFOPLIST_FILE = FinalWorkSwift/Info.plist;
				INFOPLIST_KEY_UIApplicationSupportsIndirectInputEvents = YES;
				INFOPLIST_KEY_UILaunchStoryboardName = LaunchScreen;
				INFOPLIST_KEY_UISupportedInterfaceOrientations_iPad = "UIInterfaceOrientationPortrait UIInterfaceOrientationPortraitUpsideDown UIInterfaceOrientationLandscapeLeft UIInterfaceOrientationLandscapeRight";
				INFOPLIST_KEY_UISupportedInterfaceOrientations_iPhone = "UIInterfaceOrientationPortrait UIInterfaceOrientationLandscapeLeft UIInterfaceOrientationLandscapeRight";
				LD_RUNPATH_SEARCH_PATHS = (
					"$(inherited)",
					"@executable_path/Frameworks",
				);
				MARKETING_VERSION = 1.0;
				PRODUCT_BUNDLE_IDENTIFIER = AlexNoizzzz.FinalWorkSwift;
				PRODUCT_NAME = "$(TARGET_NAME)";
				SWIFT_EMIT_LOC_STRINGS = YES;
				SWIFT_VERSION = 5.0;
				TARGETED_DEVICE_FAMILY = "1,2";
			};
			name = Debug;
		};
		10B49D3C2B614267006D5878 /* Release */ = {
			isa = XCBuildConfiguration;
			buildSettings = {
				ASSETCATALOG_COMPILER_APPICON_NAME = AppIcon;
				ASSETCATALOG_COMPILER_GLOBAL_ACCENT_COLOR_NAME = AccentColor;
				CODE_SIGN_STYLE = Automatic;
				CURRENT_PROJECT_VERSION = 1;
				DEVELOPMENT_TEAM = A2U63MLX35;
				GENERATE_INFOPLIST_FILE = YES;
				INFOPLIST_FILE = FinalWorkSwift/Info.plist;
				INFOPLIST_KEY_UIApplicationSupportsIndirectInputEvents = YES;
				INFOPLIST_KEY_UILaunchStoryboardName = LaunchScreen;
				INFOPLIST_KEY_UISupportedInterfaceOrientations_iPad = "UIInterfaceOrientationPortrait UIInterfaceOrientationPortraitUpsideDown UIInterfaceOrientationLandscapeLeft UIInterfaceOrientationLandscapeRight";
				INFOPLIST_KEY_UISupportedInterfaceOrientations_iPhone = "UIInterfaceOrientationPortrait UIInterfaceOrientationLandscapeLeft UIInterfaceOrientationLandscapeRight";
				LD_RUNPATH_SEARCH_PATHS = (
					"$(inherited)",
					"@executable_path/Frameworks",
				);
				MARKETING_VERSION = 1.0;
				PRODUCT_BUNDLE_IDENTIFIER = AlexNoizzzz.FinalWorkSwift;
				PRODUCT_NAME = "$(TARGET_NAME)";
				SWIFT_EMIT_LOC_STRINGS = YES;
				SWIFT_VERSION = 5.0;
				TARGETED_DEVICE_FAMILY = "1,2";
			};
			name = Release;
		};
/* End XCBuildConfiguration section */

/* Begin XCConfigurationList section */
		10B49D1E2B614266006D5878 /* Build configuration list for PBXProject "FinalWorkSwift" */ = {
			isa = XCConfigurationList;
			buildConfigurations = (
				10B49D382B614267006D5878 /* Debug */,
				10B49D392B614267006D5878 /* Release */,
			);
			defaultConfigurationIsVisible = 0;
			defaultConfigurationName = Release;
		};
		10B49D3A2B614267006D5878 /* Build configuration list for PBXNativeTarget "FinalWorkSwift" */ = {
			isa = XCConfigurationList;
			buildConfigurations = (
				10B49D3B2B614267006D5878 /* Debug */,
				10B49D3C2B614267006D5878 /* Release */,
			);
			defaultConfigurationIsVisible = 0;
			defaultConfigurationName = Release;
		};
/* End XCConfigurationList section */

/* Begin XCVersionGroup section */
		10B49D2F2B614266006D5878 /* FinalWorkSwift.xcdatamodeld */ = {
			isa = XCVersionGroup;
			children = (
				10B49D302B614266006D5878 /* FinalWorkSwift.xcdatamodel */,
			);
			currentVersion = 10B49D302B614266006D5878 /* FinalWorkSwift.xcdatamodel */;
			path = FinalWorkSwift.xcdatamodeld;
			sourceTree = "<group>";
			versionGroupType = wrapper.xcdatamodel;
		};
/* End XCVersionGroup section */
	};
	rootObject = 10B49D1B2B614266006D5878 /* Project object */;
}
